
Microsoft Visual Studio Solution File, Format Version 12.00
# Visual Studio Version 16
VisualStudioVersion = 16.0.29102.190
MinimumVisualStudioVersion = 10.0.40219.1
Project("{9A19103F-16F7-4668-BE54-9A1E7A4F7556}") = "HtcSharp.Core", "HtcSharp.Core\HtcSharp.Core.csproj", "{4F25A046-0D0E-4467-B7FC-A4222B1E6F69}"
EndProject
Project("{9A19103F-16F7-4668-BE54-9A1E7A4F7556}") = "HtcPlugin.Lua.Processor", "Plugins\HtcPlugin.Lua.Processor\HtcPlugin.Lua.Processor.csproj", "{2B5F4E15-5636-4D45-837D-DE7432225C27}"
EndProject
Project("{9A19103F-16F7-4668-BE54-9A1E7A4F7556}") = "HtcPlugin.Php.Processor", "Plugins\HtcPlugin.Php.Processor\HtcPlugin.Php.Processor.csproj", "{E2023BB9-E1A0-46B5-8774-44C0581E83F2}"
EndProject
Project("{9A19103F-16F7-4668-BE54-9A1E7A4F7556}") = "HtcPlugin.Lua.MySql", "Plugins\HtcPlugin.Lua.MySQL\HtcPlugin.Lua.MySql.csproj", "{E587B265-ECB6-4834-93D1-ED0C6C774233}"
EndProject
Project("{2150E333-8FDC-42A3-9474-1A3956D46DE8}") = "Plugins", "Plugins", "{EF11CF5F-847B-4323-BEEC-CA562D53246F}"
EndProject
Project("{2150E333-8FDC-42A3-9474-1A3956D46DE8}") = "Modules", "Modules", "{8D5F4828-2C00-4FF0-B990-14CCD6E60086}"
EndProject
Project("{9A19103F-16F7-4668-BE54-9A1E7A4F7556}") = "HtcSharp.HttpModule", "Modules\HtcSharp.HttpModule\HtcSharp.HttpModule.csproj", "{5DF828F7-B675-4C86-B633-FC628E7262A2}"
EndProject
Project("{9A19103F-16F7-4668-BE54-9A1E7A4F7556}") = "SourceTools", "Modules\SourceTools\SourceTools.csproj", "{42DEB857-CDFF-4867-89D7-696FF7B6E9EC}"
EndProject
Project("{9A19103F-16F7-4668-BE54-9A1E7A4F7556}") = "HtcPlugin.Tests.Mvc", "Plugins\HtcPlugin.Tests.Mvc\HtcPlugin.Tests.Mvc.csproj", "{4C78F62F-7328-4664-BC0E-0CC0F7AFA0DF}"
EndProject
Project("{9A19103F-16F7-4668-BE54-9A1E7A4F7556}") = "HtcSharp", "HtcSharp\HtcSharp.csproj", "{3EC402C0-280B-48FF-AAF5-DCF51FAC561C}"
	ProjectSection(ProjectDependencies) = postProject
		{2B5F4E15-5636-4D45-837D-DE7432225C27} = {2B5F4E15-5636-4D45-837D-DE7432225C27}
		{DC70D117-CC90-4A29-8BC6-6BEB742FEE32} = {DC70D117-CC90-4A29-8BC6-6BEB742FEE32}
		{4C78F62F-7328-4664-BC0E-0CC0F7AFA0DF} = {4C78F62F-7328-4664-BC0E-0CC0F7AFA0DF}
		{303BA039-D6D9-458B-ABB4-77BE6817B56C} = {303BA039-D6D9-458B-ABB4-77BE6817B56C}
		{5DF828F7-B675-4C86-B633-FC628E7262A2} = {5DF828F7-B675-4C86-B633-FC628E7262A2}
	EndProjectSection
EndProject
Project("{9A19103F-16F7-4668-BE54-9A1E7A4F7556}") = "HtcSharp.Abstractions", "HtcSharp.Abstractions\HtcSharp.Abstractions.csproj", "{18D7867C-5495-4639-A551-F66723CF8B92}"
EndProject
Project("{9A19103F-16F7-4668-BE54-9A1E7A4F7556}") = "HtcSharp.Cli", "HtcSharp.Cli\HtcSharp.Cli.csproj", "{DC70D117-CC90-4A29-8BC6-6BEB742FEE32}"
EndProject
Project("{9A19103F-16F7-4668-BE54-9A1E7A4F7556}") = "HtcSharp.Shared", "HtcSharp.Shared\HtcSharp.Shared.csproj", "{0B45388B-4C77-4EBF-BD38-3C412F11E271}"
EndProject
Project("{9A19103F-16F7-4668-BE54-9A1E7A4F7556}") = "HtcSharp.Logging", "HtcSharp.Logging\HtcSharp.Logging.csproj", "{191860ED-EC41-409C-9350-82B77477A486}"
EndProject
Project("{2150E333-8FDC-42A3-9474-1A3956D46DE8}") = "Test", "Test", "{2C37C34E-0E4A-4FC1-84D6-7D6A0306C616}"
EndProject
Project("{9A19103F-16F7-4668-BE54-9A1E7A4F7556}") = "HtcPlugin.Tests.Pages", "Plugins\HtcPlugin.Tests.Pages\HtcPlugin.Tests.Pages.csproj", "{303BA039-D6D9-458B-ABB4-77BE6817B56C}"
EndProject
Global
	GlobalSection(SolutionConfigurationPlatforms) = preSolution
		Debug|x64 = Debug|x64
		Release|x64 = Release|x64
	EndGlobalSection
	GlobalSection(ProjectConfigurationPlatforms) = postSolution
		{4F25A046-0D0E-4467-B7FC-A4222B1E6F69}.Debug|x64.ActiveCfg = Debug|x64
		{4F25A046-0D0E-4467-B7FC-A4222B1E6F69}.Debug|x64.Build.0 = Debug|x64
		{4F25A046-0D0E-4467-B7FC-A4222B1E6F69}.Release|x64.ActiveCfg = Release|x64
		{4F25A046-0D0E-4467-B7FC-A4222B1E6F69}.Release|x64.Build.0 = Release|x64
		{2B5F4E15-5636-4D45-837D-DE7432225C27}.Debug|x64.ActiveCfg = Debug|x64
		{2B5F4E15-5636-4D45-837D-DE7432225C27}.Debug|x64.Build.0 = Debug|x64
		{2B5F4E15-5636-4D45-837D-DE7432225C27}.Release|x64.ActiveCfg = Release|x64
		{2B5F4E15-5636-4D45-837D-DE7432225C27}.Release|x64.Build.0 = Release|x64
		{E2023BB9-E1A0-46B5-8774-44C0581E83F2}.Debug|x64.ActiveCfg = Debug|x64
		{E2023BB9-E1A0-46B5-8774-44C0581E83F2}.Debug|x64.Build.0 = Debug|x64
		{E2023BB9-E1A0-46B5-8774-44C0581E83F2}.Release|x64.ActiveCfg = Release|x64
		{E2023BB9-E1A0-46B5-8774-44C0581E83F2}.Release|x64.Build.0 = Release|x64
		{E587B265-ECB6-4834-93D1-ED0C6C774233}.Debug|x64.ActiveCfg = Debug|x64
		{E587B265-ECB6-4834-93D1-ED0C6C774233}.Debug|x64.Build.0 = Debug|x64
		{E587B265-ECB6-4834-93D1-ED0C6C774233}.Release|x64.ActiveCfg = Release|x64
		{E587B265-ECB6-4834-93D1-ED0C6C774233}.Release|x64.Build.0 = Release|x64
		{5DF828F7-B675-4C86-B633-FC628E7262A2}.Debug|x64.ActiveCfg = Debug|x64
		{5DF828F7-B675-4C86-B633-FC628E7262A2}.Debug|x64.Build.0 = Debug|x64
		{5DF828F7-B675-4C86-B633-FC628E7262A2}.Release|x64.ActiveCfg = Release|x64
		{5DF828F7-B675-4C86-B633-FC628E7262A2}.Release|x64.Build.0 = Release|x64
		{42DEB857-CDFF-4867-89D7-696FF7B6E9EC}.Debug|x64.ActiveCfg = Debug|x64
		{42DEB857-CDFF-4867-89D7-696FF7B6E9EC}.Debug|x64.Build.0 = Debug|x64
		{42DEB857-CDFF-4867-89D7-696FF7B6E9EC}.Release|x64.ActiveCfg = Release|x64
		{42DEB857-CDFF-4867-89D7-696FF7B6E9EC}.Release|x64.Build.0 = Release|x64
		{4C78F62F-7328-4664-BC0E-0CC0F7AFA0DF}.Debug|x64.ActiveCfg = Debug|x64
		{4C78F62F-7328-4664-BC0E-0CC0F7AFA0DF}.Debug|x64.Build.0 = Debug|x64
		{4C78F62F-7328-4664-BC0E-0CC0F7AFA0DF}.Release|x64.ActiveCfg = Release|x64
		{4C78F62F-7328-4664-BC0E-0CC0F7AFA0DF}.Release|x64.Build.0 = Release|x64
		{3EC402C0-280B-48FF-AAF5-DCF51FAC561C}.Debug|x64.ActiveCfg = Debug|x64
		{3EC402C0-280B-48FF-AAF5-DCF51FAC561C}.Debug|x64.Build.0 = Debug|x64
		{3EC402C0-280B-48FF-AAF5-DCF51FAC561C}.Release|x64.ActiveCfg = Release|x64
		{3EC402C0-280B-48FF-AAF5-DCF51FAC561C}.Release|x64.Build.0 = Release|x64
		{18D7867C-5495-4639-A551-F66723CF8B92}.Debug|x64.ActiveCfg = Debug|x64
		{18D7867C-5495-4639-A551-F66723CF8B92}.Debug|x64.Build.0 = Debug|x64
		{18D7867C-5495-4639-A551-F66723CF8B92}.Release|x64.ActiveCfg = Release|x64
		{DC70D117-CC90-4A29-8BC6-6BEB742FEE32}.Debug|x64.ActiveCfg = Debug|x64
		{DC70D117-CC90-4A29-8BC6-6BEB742FEE32}.Debug|x64.Build.0 = Debug|x64
		{DC70D117-CC90-4A29-8BC6-6BEB742FEE32}.Release|x64.ActiveCfg = Release|x64
		{0B45388B-4C77-4EBF-BD38-3C412F11E271}.Debug|x64.ActiveCfg = Debug|x64
		{0B45388B-4C77-4EBF-BD38-3C412F11E271}.Debug|x64.Build.0 = Debug|x64
		{0B45388B-4C77-4EBF-BD38-3C412F11E271}.Release|x64.ActiveCfg = Release|x64
		{191860ED-EC41-409C-9350-82B77477A486}.Debug|x64.ActiveCfg = Debug|x64
		{191860ED-EC41-409C-9350-82B77477A486}.Debug|x64.Build.0 = Debug|x64
		{191860ED-EC41-409C-9350-82B77477A486}.Release|x64.ActiveCfg = Release|x64
		{303BA039-D6D9-458B-ABB4-77BE6817B56C}.Debug|x64.ActiveCfg = Debug|x64
		{303BA039-D6D9-458B-ABB4-77BE6817B56C}.Debug|x64.Build.0 = Debug|x64
		{303BA039-D6D9-458B-ABB4-77BE6817B56C}.Release|x64.ActiveCfg = Release|x64
	EndGlobalSection
	GlobalSection(SolutionProperties) = preSolution
		HideSolutionNode = FALSE
	EndGlobalSection
	GlobalSection(NestedProjects) = preSolution
		{2B5F4E15-5636-4D45-837D-DE7432225C27} = {EF11CF5F-847B-4323-BEEC-CA562D53246F}
		{E2023BB9-E1A0-46B5-8774-44C0581E83F2} = {EF11CF5F-847B-4323-BEEC-CA562D53246F}
		{E587B265-ECB6-4834-93D1-ED0C6C774233} = {EF11CF5F-847B-4323-BEEC-CA562D53246F}
		{5DF828F7-B675-4C86-B633-FC628E7262A2} = {8D5F4828-2C00-4FF0-B990-14CCD6E60086}
		{42DEB857-CDFF-4867-89D7-696FF7B6E9EC} = {8D5F4828-2C00-4FF0-B990-14CCD6E60086}
		{4C78F62F-7328-4664-BC0E-0CC0F7AFA0DF} = {2C37C34E-0E4A-4FC1-84D6-7D6A0306C616}
		{2C37C34E-0E4A-4FC1-84D6-7D6A0306C616} = {EF11CF5F-847B-4323-BEEC-CA562D53246F}
		{303BA039-D6D9-458B-ABB4-77BE6817B56C} = {2C37C34E-0E4A-4FC1-84D6-7D6A0306C616}
	EndGlobalSection
	GlobalSection(ExtensibilityGlobals) = postSolution
		SolutionGuid = {AE97A42C-2795-4382-99D6-4B3C6C47B08E}
	EndGlobalSection
EndGlobal
