
Microsoft Visual Studio Solution File, Format Version 12.00
# Visual Studio 15
VisualStudioVersion = 15.0.28307.168
MinimumVisualStudioVersion = 10.0.40219.1
Project("{FAE04EC0-301F-11D3-BF4B-00C04F79EFBC}") = "HTCSharp.Server", "HTCSharp.Server\HTCSharp.Server.csproj", "{ED15C20E-9ED9-416C-8C77-03C4813E925F}"
EndProject
Project("{FAE04EC0-301F-11D3-BF4B-00C04F79EFBC}") = "HTCSharp.Core", "HTCSharp.Core\HTCSharp.Core.csproj", "{4F25A046-0D0E-4467-B7FC-A4222B1E6F69}"
EndProject
Global
	GlobalSection(SolutionConfigurationPlatforms) = preSolution
		Debug|Any CPU = Debug|Any CPU
		Release|Any CPU = Release|Any CPU
	EndGlobalSection
	GlobalSection(ProjectConfigurationPlatforms) = postSolution
		{ED15C20E-9ED9-416C-8C77-03C4813E925F}.Debug|Any CPU.ActiveCfg = Debug|Any CPU
		{ED15C20E-9ED9-416C-8C77-03C4813E925F}.Debug|Any CPU.Build.0 = Debug|Any CPU
		{ED15C20E-9ED9-416C-8C77-03C4813E925F}.Release|Any CPU.ActiveCfg = Release|Any CPU
		{ED15C20E-9ED9-416C-8C77-03C4813E925F}.Release|Any CPU.Build.0 = Release|Any CPU
		{4F25A046-0D0E-4467-B7FC-A4222B1E6F69}.Debug|Any CPU.ActiveCfg = Debug|Any CPU
		{4F25A046-0D0E-4467-B7FC-A4222B1E6F69}.Debug|Any CPU.Build.0 = Debug|Any CPU
		{4F25A046-0D0E-4467-B7FC-A4222B1E6F69}.Release|Any CPU.ActiveCfg = Release|Any CPU
		{4F25A046-0D0E-4467-B7FC-A4222B1E6F69}.Release|Any CPU.Build.0 = Release|Any CPU
	EndGlobalSection
	GlobalSection(SolutionProperties) = preSolution
		HideSolutionNode = FALSE
	EndGlobalSection
	GlobalSection(ExtensibilityGlobals) = postSolution
		SolutionGuid = {AE97A42C-2795-4382-99D6-4B3C6C47B08E}
	EndGlobalSection
EndGlobal
